
Microsoft Visual Studio Solution File, Format Version 12.00
# Visual Studio Version 17
VisualStudioVersion = 17.4.33205.214
MinimumVisualStudioVersion = 10.0.40219.1
Project("{FAE04EC0-301F-11D3-BF4B-00C04F79EFBC}") = "Repository Project", "Repository Project\Repository Project.csproj", "{3208AE86-4139-4AE8-AABA-1B5A3E1E9E0E}"
EndProject
Global
	GlobalSection(SolutionConfigurationPlatforms) = preSolution
		Debug|Any CPU = Debug|Any CPU
		Release|Any CPU = Release|Any CPU
	EndGlobalSection
	GlobalSection(ProjectConfigurationPlatforms) = postSolution
		{3208AE86-4139-4AE8-AABA-1B5A3E1E9E0E}.Debug|Any CPU.ActiveCfg = Debug|Any CPU
		{3208AE86-4139-4AE8-AABA-1B5A3E1E9E0E}.Debug|Any CPU.Build.0 = Debug|Any CPU
		{3208AE86-4139-4AE8-AABA-1B5A3E1E9E0E}.Release|Any CPU.ActiveCfg = Release|Any CPU
		{3208AE86-4139-4AE8-AABA-1B5A3E1E9E0E}.Release|Any CPU.Build.0 = Release|Any CPU
	EndGlobalSection
	GlobalSection(SolutionProperties) = preSolution
		HideSolutionNode = FALSE
	EndGlobalSection
	GlobalSection(ExtensibilityGlobals) = postSolution
		SolutionGuid = {6AF77BE3-6880-49C9-86CA-D6D92259424C}
	EndGlobalSection
EndGlobal
